hash: 040a23d36062a840caa58efc27c35d611f68811bd2005c18d9bacd3a69463bfd
updated: 2019-03-07T15:05:35.848986+08:00
imports:
- name: github.com/aymerick/raymond
  version: b565731e1464263de0bda75f2e45d97b54b60110
  subpackages:
  - ast
  - lexer
  - parser
- name: github.com/BurntSushi/toml
  version: 3012a1dbe2e4bd1391d42b32f0577cb7bbc7f005
- name: github.com/eknkc/amber
  version: cdade1c073850f4ffc70a829e31235ea6892853b
  subpackages:
  - parser
- name: github.com/fatih/structs
  version: 878a968ab22548362a09bdb3322f98b00f470d46
- name: github.com/flosch/pongo2
  version: 79872a7b27692599b259dc751bed8b03581dd0de
- name: github.com/globalsign/mgo
  version: eeefdecb41b842af6dc652aaea4026e8403e62df
  subpackages:
  - bson
  - internal/json
  - internal/sasl
  - internal/scram
- name: github.com/iris-contrib/blackfriday
  version: 48b3da6a6f3865c7eb1eba96d74cf0a16f63faca
- name: github.com/iris-contrib/formBinder
  version: fbd5963f41e18ae1f1423ba046235094b0721ea1
- name: github.com/iris-contrib/go.uuid
  version: 36e9d2ebbde5e3f13ab2e25625fd453271d6522e
- name: github.com/Joker/jade
  version: 436f681db35f1b52a5560f1ae0e6ba5b69074bb2
- name: github.com/json-iterator/go
  version: 36b14963da70d11297d313183d7e6388c8510e1e
- name: github.com/juju/errors
  version: e65537c515d77e35697c471d6c2755375cb3adc4
- name: github.com/kataras/golog
  version: 03be101463868edc5a81f094fc68a5f6c1b5503a
- name: github.com/kataras/iris
  version: ffcb1b8aac0d270d623596734f5595c5a76bed9f
  subpackages:
  - cache
  - cache/cfg
  - cache/client
  - cache/client/rule
  - cache/entry
  - cache/ruleset
  - cache/uri
  - context
  - core/errors
  - core/handlerconv
  - core/host
  - core/memstore
  - core/netutil
  - core/router
  - macro
  - macro/handler
  - macro/interpreter/ast
  - macro/interpreter/lexer
  - macro/interpreter/parser
  - macro/interpreter/token
  - middleware/logger
  - middleware/recover
  - view
- name: github.com/kataras/pio
  version: ea782b38602d1e5df3c2b891978a1f80d917a6bd
  subpackages:
  - terminal
- name: github.com/klauspost/compress
  version: 30be6041bed523c18e269a700ebd9c2ea9328574
  subpackages:
  - flate
  - gzip
- name: github.com/klauspost/cpuid
  version: 0da02118eaa37aa89aea6776b464a4ad00990af1
- name: github.com/konsorten/go-windows-terminal-sequences
  version: f55edac94c9bbba5d6182a4be46d86a2c9b5b50e
- name: github.com/microcosm-cc/bluemonday
  version: 506f3da9b7c86d737e91f16b7431df8635871552
- name: github.com/mongodb/mongo-go-driver
  version: fcec76a7c147bbcef3aecb66ce318bd4a0b004b4
  subpackages:
  - mongo
- name: github.com/ryanuber/columnize
  version: abc90934186a77966e2beeac62ed966aac0561d5
- name: github.com/satori/go.uuid
  version: f58768cc1a7a7e77a3bd49e98cdd21419399b6a3
- name: github.com/Shopify/goreferrer
  version: ec9c9a553398739f0dcf817e0ad5e01c4e7dcd08
- name: github.com/shurcooL/sanitized_anchor_name
  version: 7bfe4c7ecddb3666a94b053b422cdd8f5aaa3615
- name: github.com/sirupsen/logrus
  version: e1e72e9de974bd926e5c56f83753fba2df402ce5
- name: github.com/spf13/pflag
  version: 298182f68c66c05229eb03ac171abe6e309ee79a
- name: github.com/stretchr/testify
  version: ffdc059bfe9ce6a4e144ba849dbedead332c6053
  subpackages:
  - assert
  - require
- name: go.mongodb.org/mongo-driver
  version: fcec76a7c147bbcef3aecb66ce318bd4a0b004b4
- name: golang.org/x/crypto
  version: d172538b2cfce0c13cee31e647d0367aa8cd2486
  subpackages:
  - acme
  - acme/autocert
  - openpgp/errors
  - ssh/terminal
- name: golang.org/x/net
  version: e90d6d0afc4c315a0d87a568ae68577cc15149a0
  subpackages:
  - context
  - context/ctxhttp
  - html
  - html/atom
  - publicsuffix
- name: golang.org/x/sys
  version: 8f0908ab3b2457e2e15403d3697c9ef5cb4b57a9
  subpackages:
  - unix
- name: golang.org/x/xerrors
  version: a5947ffaace3e882f334c1750858b4a6a7e52422
  subpackages:
  - internal
- name: gopkg.in/yaml.v2
  version: 53feefa2559fb8dfa8d81baad31be332c97d6c77
testImports:
- name: github.com/davecgh/go-spew
  version: 5215b55f46b2b919f50a1df0eaa5886afe4e3b3d
  subpackages:
  - spew
- name: github.com/pmezard/go-difflib
  version: 5d4384ee4fb2527b0a1256a821ebfc92f91efefc
  subpackages:
  - difflib
